
Microsoft Visual Studio Solution File, Format Version 12.00
# Visual Studio 14
VisualStudioVersion = 14.0.25420.1
MinimumVisualStudioVersion = 10.0.40219.1
Project("{8BC9CEB8-8B4A-11D0-8D11-00A0C91BC942}") = "大实验三 运算符重载 与友元函数", "大实验三 运算符重载 与友元函数\大实验三 运算符重载 与友元函数.vcxproj", "{D8EBA82D-9EF2-4880-A739-6ED0515C8E2C}"
EndProject
Global
	GlobalSection(SolutionConfigurationPlatforms) = preSolution
		Debug|x64 = Debug|x64
		Debug|x86 = Debug|x86
		Release|x64 = Release|x64
		Release|x86 = Release|x86
	EndGlobalSection
	GlobalSection(ProjectConfigurationPlatforms) = postSolution
		{D8EBA82D-9EF2-4880-A739-6ED0515C8E2C}.Debug|x64.ActiveCfg = Debug|x64
		{D8EBA82D-9EF2-4880-A739-6ED0515C8E2C}.Debug|x64.Build.0 = Debug|x64
		{D8EBA82D-9EF2-4880-A739-6ED0515C8E2C}.Debug|x86.ActiveCfg = Debug|Win32
		{D8EBA82D-9EF2-4880-A739-6ED0515C8E2C}.Debug|x86.Build.0 = Debug|Win32
		{D8EBA82D-9EF2-4880-A739-6ED0515C8E2C}.Release|x64.ActiveCfg = Release|x64
		{D8EBA82D-9EF2-4880-A739-6ED0515C8E2C}.Release|x64.Build.0 = Release|x64
		{D8EBA82D-9EF2-4880-A739-6ED0515C8E2C}.Release|x86.ActiveCfg = Release|Win32
		{D8EBA82D-9EF2-4880-A739-6ED0515C8E2C}.Release|x86.Build.0 = Release|Win32
	EndGlobalSection
	GlobalSection(SolutionProperties) = preSolution
		HideSolutionNode = FALSE
	EndGlobalSection
EndGlobal
